PODS:
  - AnyoneKit (408.12.1):
    - AnyoneKit/Anyone (= 408.12.1)
  - AnyoneKit/Anyone (408.12.1):
    - AnyoneKit/Core
  - AnyoneKit/Core (408.12.1)

DEPENDENCIES:
  - AnyoneKit (from `../`)

EXTERNAL SOURCES:
  AnyoneKit:
    :path: "../"

SPEC CHECKSUMS:
  AnyoneKit: 7d069427398f2baf023504c909ebf298cc23da56

PODFILE CHECKSUM: 9ad077cfbd03b4e8f4449e5c65c9641448dca7d5

COCOAPODS: 1.15.2
