PODS:
  - AnyoneKit (409.7.1):
    - AnyoneKit/Anyone (= 409.7.1)
  - AnyoneKit/Anyone (409.7.1):
    - AnyoneKit/Core
  - AnyoneKit/Core (409.7.1)

DEPENDENCIES:
  - AnyoneKit (from `../`)

EXTERNAL SOURCES:
  AnyoneKit:
    :path: "../"

SPEC CHECKSUMS:
  AnyoneKit: 73031fd57e5cc08f8cc793582aab8226789387d3

PODFILE CHECKSUM: 9ad077cfbd03b4e8f4449e5c65c9641448dca7d5

COCOAPODS: 1.15.2
