// !$*UTF8*$!
{
	archiveVersion = 1;
	classes = {
	};
	objectVersion = 77;
	objects = {

/* Begin PBXBuildFile section */
		6003F58E195388D20070C39A /* Foundation.framework in Frameworks */ = {isa = PBXBuildFile; fileRef = 6003F58D195388D20070C39A /* Foundation.framework */; };
		6003F590195388D20070C39A /* CoreGraphics.framework in Frameworks */ = {isa = PBXBuildFile; fileRef = 6003F58F195388D20070C39A /* CoreGraphics.framework */; };
		6003F592195388D20070C39A /* UIKit.framework in Frameworks */ = {isa = PBXBuildFile; fileRef = 6003F591195388D20070C39A /* UIKit.framework */; };
		6003F5B0195388D20070C39A /* XCTest.framework in Frameworks */ = {isa = PBXBuildFile; fileRef = 6003F5AF195388D20070C39A /* XCTest.framework */; };
		6003F5B1195388D20070C39A /* Foundation.framework in Frameworks */ = {isa = PBXBuildFile; fileRef = 6003F58D195388D20070C39A /* Foundation.framework */; };
		6003F5B2195388D20070C39A /* UIKit.framework in Frameworks */ = {isa = PBXBuildFile; fileRef = 6003F591195388D20070C39A /* UIKit.framework */; };
		A0CADB512C63B7570037A37C /* main.m in Sources */ = {isa = PBXBuildFile; fileRef = A0CADB472C63B7570037A37C /* main.m */; };
		A0CADB522C63B7570037A37C /* AppDelegate.m in Sources */ = {isa = PBXBuildFile; fileRef = A0CADB492C63B7570037A37C /* AppDelegate.m */; };
		A0CADB532C63B7570037A37C /* ViewController.m in Sources */ = {isa = PBXBuildFile; fileRef = A0CADB4B2C63B7570037A37C /* ViewController.m */; };
		A0CADB572C63B7870037A37C /* Main.storyboard in Resources */ = {isa = PBXBuildFile; fileRef = A0CADB552C63B7870037A37C /* Main.storyboard */; };
		A0F008FC27906DBA0073D36D /* AnonConfigurationTests.m in Sources */ = {isa = PBXBuildFile; fileRef = A0F008FA27906DBA0073D36D /* AnonConfigurationTests.m */; };
		A0F008FD27906DBA0073D36D /* AnonControllerTests.m in Sources */ = {isa = PBXBuildFile; fileRef = A0F008FB27906DBA0073D36D /* AnonControllerTests.m */; };
		A0F0090D279070B40073D36D /* AppDelegate.m in Sources */ = {isa = PBXBuildFile; fileRef = A0F0090C279070B40073D36D /* AppDelegate.m */; };
		A0F00910279070B40073D36D /* ViewController.m in Sources */ = {isa = PBXBuildFile; fileRef = A0F0090F279070B40073D36D /* ViewController.m */; };
		A0F00915279070B40073D36D /* Main.storyboard in Resources */ = {isa = PBXBuildFile; fileRef = A0F00913279070B40073D36D /* Main.storyboard */; };
		A0F00917279070B40073D36D /* main.m in Sources */ = {isa = PBXBuildFile; fileRef = A0F00916279070B40073D36D /* main.m */; };
		A7B012BE39395B4832000858 /* Pods_AnyoneKit_Example_Mac.framework in Frameworks */ = {isa = PBXBuildFile; fileRef = 338E0F8BE19C4C4E20A97AAD /* Pods_AnyoneKit_Example_Mac.framework */; };
		D4072633ACC30997CD7D703F /* Pods_AnyoneKit_Example.framework in Frameworks */ = {isa = PBXBuildFile; fileRef = 25A40CFD991CFEFD97E87FF4 /* Pods_AnyoneKit_Example.framework */; };
		E2A8FCEA0111624D3C5B5749 /* Pods_AnyoneKit_Tests.framework in Frameworks */ = {isa = PBXBuildFile; fileRef = F0928D295DCCC1149ED69712 /* Pods_AnyoneKit_Tests.framework */; };
/* End PBXBuildFile section */

/* Begin PBXContainerItemProxy section */
		6003F5B3195388D20070C39A /* PBXContainerItemProxy */ = {
			isa = PBXContainerItemProxy;
			containerPortal = 6003F582195388D10070C39A /* Project object */;
			proxyType = 1;
			remoteGlobalIDString = 6003F589195388D20070C39A;
			remoteInfo = Tor;
		};
/* End PBXContainerItemProxy section */

/* Begin PBXFileReference section */
		1024D01157BEB1EA55952BD3 /* Pods-AnyoneKit-Example.debug.xcconfig */ = {isa = PBXFileReference; includeInIndex = 1; lastKnownFileType = text.xcconfig; name = "Pods-AnyoneKit-Example.debug.xcconfig"; path = "Target Support Files/Pods-AnyoneKit-Example/Pods-AnyoneKit-Example.debug.xcconfig"; sourceTree = "<group>"; };
		1D7391AAD3752903BDA8A2CC /* Pods-Tor_Example_Mac.debug.xcconfig */ = {isa = PBXFileReference; includeInIndex = 1; lastKnownFileType = text.xcconfig; name = "Pods-Tor_Example_Mac.debug.xcconfig"; path = "Target Support Files/Pods-Tor_Example_Mac/Pods-Tor_Example_Mac.debug.xcconfig"; sourceTree = "<group>"; };
		25A40CFD991CFEFD97E87FF4 /* Pods_AnyoneKit_Example.framework */ = {isa = PBXFileReference; explicitFileType = wrapper.framework; includeInIndex = 0; path = Pods_AnyoneKit_Example.framework; sourceTree = BUILT_PRODUCTS_DIR; };
		3369E201AA8D44290EFDB264 /* README.md */ = {isa = PBXFileReference; includeInIndex = 1; lastKnownFileType = net.daringfireball.markdown; name = README.md; path = ../README.md; sourceTree = "<group>"; };
		338E0F8BE19C4C4E20A97AAD /* Pods_AnyoneKit_Example_Mac.framework */ = {isa = PBXFileReference; explicitFileType = wrapper.framework; includeInIndex = 0; path = Pods_AnyoneKit_Example_Mac.framework; sourceTree = BUILT_PRODUCTS_DIR; };
		4BD4F2E4E0599631250E97FC /* Pods-Tor_Example_Mac.release.xcconfig */ = {isa = PBXFileReference; includeInIndex = 1; lastKnownFileType = text.xcconfig; name = "Pods-Tor_Example_Mac.release.xcconfig"; path = "Target Support Files/Pods-Tor_Example_Mac/Pods-Tor_Example_Mac.release.xcconfig"; sourceTree = "<group>"; };
		4DFC6FCDC4F8056024E28F5B /* Pods-Tor-Tests.release.xcconfig */ = {isa = PBXFileReference; includeInIndex = 1; lastKnownFileType = text.xcconfig; name = "Pods-Tor-Tests.release.xcconfig"; path = "Target Support Files/Pods-Tor-Tests/Pods-Tor-Tests.release.xcconfig"; sourceTree = "<group>"; };
		4F31AB271AA16E836CDC5F8D /* Pods-Tor-Example.debug.xcconfig */ = {isa = PBXFileReference; includeInIndex = 1; lastKnownFileType = text.xcconfig; name = "Pods-Tor-Example.debug.xcconfig"; path = "Target Support Files/Pods-Tor-Example/Pods-Tor-Example.debug.xcconfig"; sourceTree = "<group>"; };
		591053441A46E47D764CDDAB /* LICENSE */ = {isa = PBXFileReference; includeInIndex = 1; lastKnownFileType = text; name = LICENSE; path = ../LICENSE; sourceTree = "<group>"; };
		6003F58A195388D20070C39A /* AnyoneKit-Example.app */ = {isa = PBXFileReference; explicitFileType = wrapper.application; includeInIndex = 0; path = "AnyoneKit-Example.app"; sourceTree = BUILT_PRODUCTS_DIR; };
		6003F58D195388D20070C39A /* Foundation.framework */ = {isa = PBXFileReference; lastKnownFileType = wrapper.framework; name = Foundation.framework; path = System/Library/Frameworks/Foundation.framework; sourceTree = SDKROOT; };
		6003F58F195388D20070C39A /* CoreGraphics.framework */ = {isa = PBXFileReference; lastKnownFileType = wrapper.framework; name = CoreGraphics.framework; path = System/Library/Frameworks/CoreGraphics.framework; sourceTree = SDKROOT; };
		6003F591195388D20070C39A /* UIKit.framework */ = {isa = PBXFileReference; lastKnownFileType = wrapper.framework; name = UIKit.framework; path = System/Library/Frameworks/UIKit.framework; sourceTree = SDKROOT; };
		6003F5AE195388D20070C39A /* AnyoneKit-Tests.xctest */ = {isa = PBXFileReference; explicitFileType = wrapper.cfbundle; includeInIndex = 0; path = "AnyoneKit-Tests.xctest"; sourceTree = BUILT_PRODUCTS_DIR; };
		6003F5AF195388D20070C39A /* XCTest.framework */ = {isa = PBXFileReference; lastKnownFileType = wrapper.framework; name = XCTest.framework; path = Library/Frameworks/XCTest.framework; sourceTree = DEVELOPER_DIR; };
		6003F5B7195388D20070C39A /* Tests-Info.plist */ = {isa = PBXFileReference; lastKnownFileType = text.plist.xml; path = "Tests-Info.plist"; sourceTree = "<group>"; };
		606FC2411953D9B200FFA9A0 /* Tests-Prefix.pch */ = {isa = PBXFileReference; lastKnownFileType = sourcecode.c.h; path = "Tests-Prefix.pch"; sourceTree = "<group>"; };
		6CF2DE60BF09B91BB81D2E6F /* Pods-Tor_Example.release.xcconfig */ = {isa = PBXFileReference; includeInIndex = 1; lastKnownFileType = text.xcconfig; name = "Pods-Tor_Example.release.xcconfig"; path = "Target Support Files/Pods-Tor_Example/Pods-Tor_Example.release.xcconfig"; sourceTree = "<group>"; };
		74CA0FB740D38C49003C1E1A /* Pods-Tor-Example.release.xcconfig */ = {isa = PBXFileReference; includeInIndex = 1; lastKnownFileType = text.xcconfig; name = "Pods-Tor-Example.release.xcconfig"; path = "Target Support Files/Pods-Tor-Example/Pods-Tor-Example.release.xcconfig"; sourceTree = "<group>"; };
		7D3F3AA9B00EA31999373254 /* Pods-AnyoneKit-Example.release.xcconfig */ = {isa = PBXFileReference; includeInIndex = 1; lastKnownFileType = text.xcconfig; name = "Pods-AnyoneKit-Example.release.xcconfig"; path = "Target Support Files/Pods-AnyoneKit-Example/Pods-AnyoneKit-Example.release.xcconfig"; sourceTree = "<group>"; };
		7FE9B5BC233CA08F6EED0604 /* Pods-AnyoneKit-Example-Mac.release.xcconfig */ = {isa = PBXFileReference; includeInIndex = 1; lastKnownFileType = text.xcconfig; name = "Pods-AnyoneKit-Example-Mac.release.xcconfig"; path = "Target Support Files/Pods-AnyoneKit-Example-Mac/Pods-AnyoneKit-Example-Mac.release.xcconfig"; sourceTree = "<group>"; };
		80D47871C3901193EE623A3E /* Pods-Tor_Tests.debug.xcconfig */ = {isa = PBXFileReference; includeInIndex = 1; lastKnownFileType = text.xcconfig; name = "Pods-Tor_Tests.debug.xcconfig"; path = "Target Support Files/Pods-Tor_Tests/Pods-Tor_Tests.debug.xcconfig"; sourceTree = "<group>"; };
		8AA26438ED97EA21E1B6572D /* Pods-Tor-Example-Mac.release.xcconfig */ = {isa = PBXFileReference; includeInIndex = 1; lastKnownFileType = text.xcconfig; name = "Pods-Tor-Example-Mac.release.xcconfig"; path = "Target Support Files/Pods-Tor-Example-Mac/Pods-Tor-Example-Mac.release.xcconfig"; sourceTree = "<group>"; };
		90700F7B59D5C0641E3250C1 /* Pods-Tor_Example.debug.xcconfig */ = {isa = PBXFileReference; includeInIndex = 1; lastKnownFileType = text.xcconfig; name = "Pods-Tor_Example.debug.xcconfig"; path = "Target Support Files/Pods-Tor_Example/Pods-Tor_Example.debug.xcconfig"; sourceTree = "<group>"; };
		A02CB34E2C650244004A5E22 /* anon.sh */ = {isa = PBXFileReference; lastKnownFileType = text.script.sh; name = anon.sh; path = ../AnyoneKit/anon.sh; sourceTree = "<group>"; };
		A07DA5B42791AED000D62827 /* .gitmodules */ = {isa = PBXFileReference; lastKnownFileType = text; name = .gitmodules; path = ../.gitmodules; sourceTree = "<group>"; };
		A0CADB432C63B65B0037A37C /* AnyoneKit.podspec */ = {isa = PBXFileReference; lastKnownFileType = text; name = AnyoneKit.podspec; path = ../AnyoneKit.podspec; sourceTree = "<group>"; xcLanguageSpecificationIdentifier = xcode.lang.ruby; };
		A0CADB462C63B7570037A37C /* AnyoneKit-Info.plist */ = {isa = PBXFileReference; fileEncoding = 4; lastKnownFileType = text.plist.xml; path = "AnyoneKit-Info.plist"; sourceTree = "<group>"; };
		A0CADB472C63B7570037A37C /* main.m */ = {isa = PBXFileReference; fileEncoding = 4; lastKnownFileType = sourcecode.c.objc; path = main.m; sourceTree = "<group>"; };
		A0CADB482C63B7570037A37C /* ViewController.h */ = {isa = PBXFileReference; fileEncoding = 4; lastKnownFileType = sourcecode.c.h; path = ViewController.h; sourceTree = "<group>"; };
		A0CADB492C63B7570037A37C /* AppDelegate.m */ = {isa = PBXFileReference; fileEncoding = 4; lastKnownFileType = sourcecode.c.objc; path = AppDelegate.m; sourceTree = "<group>"; };
		A0CADB4A2C63B7570037A37C /* AppDelegate.h */ = {isa = PBXFileReference; fileEncoding = 4; lastKnownFileType = sourcecode.c.h; path = AppDelegate.h; sourceTree = "<group>"; };
		A0CADB4B2C63B7570037A37C /* ViewController.m */ = {isa = PBXFileReference; fileEncoding = 4; lastKnownFileType = sourcecode.c.objc; path = ViewController.m; sourceTree = "<group>"; };
		A0CADB562C63B7870037A37C /* Base */ = {isa = PBXFileReference; lastKnownFileType = file.storyboard; name = Base; path = Base.lproj/Main.storyboard; sourceTree = "<group>"; };
		A0CADB582C63B9060037A37C /* xz.sh */ = {isa = PBXFileReference; lastKnownFileType = text.script.sh; name = xz.sh; path = ../AnyoneKit/xz.sh; sourceTree = "<group>"; };
		A0CADB592C63B91E0037A37C /* openssl.sh */ = {isa = PBXFileReference; lastKnownFileType = text.script.sh; name = openssl.sh; path = ../AnyoneKit/openssl.sh; sourceTree = "<group>"; };
		A0CADB5A2C63B9310037A37C /* libevent.sh */ = {isa = PBXFileReference; lastKnownFileType = text.script.sh; name = libevent.sh; path = ../AnyoneKit/libevent.sh; sourceTree = "<group>"; };
		A0CADB5C2C63B9510037A37C /* mmap-cache.patch */ = {isa = PBXFileReference; lastKnownFileType = text; name = "mmap-cache.patch"; path = "../AnyoneKit/mmap-cache.patch"; sourceTree = "<group>"; };
		A0F008F727906CA30073D36D /* Podfile.lock */ = {isa = PBXFileReference; lastKnownFileType = text; path = Podfile.lock; sourceTree = "<group>"; };
		A0F008F827906CA30073D36D /* Podfile */ = {isa = PBXFileReference; indentWidth = 2; lastKnownFileType = text; path = Podfile; sourceTree = "<group>"; tabWidth = 2; xcLanguageSpecificationIdentifier = xcode.lang.ruby; };
		A0F008FA27906DBA0073D36D /* AnonConfigurationTests.m */ = {isa = PBXFileReference; fileEncoding = 4; lastKnownFileType = sourcecode.c.objc; path = AnonConfigurationTests.m; sourceTree = "<group>"; };
		A0F008FB27906DBA0073D36D /* AnonControllerTests.m */ = {isa = PBXFileReference; fileEncoding = 4; lastKnownFileType = sourcecode.c.objc; path = AnonControllerTests.m; sourceTree = "<group>"; };
		A0F008FE27906F620073D36D /* .gitignore */ = {isa = PBXFileReference; lastKnownFileType = text; name = .gitignore; path = ../.gitignore; sourceTree = "<group>"; };
		A0F00909279070B40073D36D /* AnyoneKit-Example-Mac.app */ = {isa = PBXFileReference; explicitFileType = wrapper.application; includeInIndex = 0; path = "AnyoneKit-Example-Mac.app"; sourceTree = BUILT_PRODUCTS_DIR; };
		A0F0090B279070B40073D36D /* AppDelegate.h */ = {isa = PBXFileReference; lastKnownFileType = sourcecode.c.h; path = AppDelegate.h; sourceTree = "<group>"; };
		A0F0090C279070B40073D36D /* AppDelegate.m */ = {isa = PBXFileReference; lastKnownFileType = sourcecode.c.objc; path = AppDelegate.m; sourceTree = "<group>"; };
		A0F0090E279070B40073D36D /* ViewController.h */ = {isa = PBXFileReference; lastKnownFileType = sourcecode.c.h; path = ViewController.h; sourceTree = "<group>"; };
		A0F0090F279070B40073D36D /* ViewController.m */ = {isa = PBXFileReference; lastKnownFileType = sourcecode.c.objc; path = ViewController.m; sourceTree = "<group>"; };
		A0F00916279070B40073D36D /* main.m */ = {isa = PBXFileReference; lastKnownFileType = sourcecode.c.objc; path = main.m; sourceTree = "<group>"; };
		A0F00918279070B40073D36D /* Example-Mac.entitlements */ = {isa = PBXFileReference; lastKnownFileType = text.plist.entitlements; path = "Example-Mac.entitlements"; sourceTree = "<group>"; };
		A0F0092027907A8A0073D36D /* Base */ = {isa = PBXFileReference; lastKnownFileType = file.storyboard; name = Base; path = Base.lproj/Main.storyboard; sourceTree = "<group>"; };
		BA2522C350A1D42E715CA3DB /* Pods-AnyoneKit-Tests.release.xcconfig */ = {isa = PBXFileReference; includeInIndex = 1; lastKnownFileType = text.xcconfig; name = "Pods-AnyoneKit-Tests.release.xcconfig"; path = "Target Support Files/Pods-AnyoneKit-Tests/Pods-AnyoneKit-Tests.release.xcconfig"; sourceTree = "<group>"; };
		C2C4B3C67BC4AA29D918DFE0 /* Pods-Tor-Tests.debug.xcconfig */ = {isa = PBXFileReference; includeInIndex = 1; lastKnownFileType = text.xcconfig; name = "Pods-Tor-Tests.debug.xcconfig"; path = "Target Support Files/Pods-Tor-Tests/Pods-Tor-Tests.debug.xcconfig"; sourceTree = "<group>"; };
		CB2CFEF1E61396F316D03428 /* Pods-AnyoneKit-Tests.debug.xcconfig */ = {isa = PBXFileReference; includeInIndex = 1; lastKnownFileType = text.xcconfig; name = "Pods-AnyoneKit-Tests.debug.xcconfig"; path = "Target Support Files/Pods-AnyoneKit-Tests/Pods-AnyoneKit-Tests.debug.xcconfig"; sourceTree = "<group>"; };
		CCD44E911F9C4625A303B626 /* Pods-Tor-Example-Mac.debug.xcconfig */ = {isa = PBXFileReference; includeInIndex = 1; lastKnownFileType = text.xcconfig; name = "Pods-Tor-Example-Mac.debug.xcconfig"; path = "Target Support Files/Pods-Tor-Example-Mac/Pods-Tor-Example-Mac.debug.xcconfig"; sourceTree = "<group>"; };
		E55415BDDAE0686CA74C5C2D /* Pods-AnyoneKit-Example-Mac.debug.xcconfig */ = {isa = PBXFileReference; includeInIndex = 1; lastKnownFileType = text.xcconfig; name = "Pods-AnyoneKit-Example-Mac.debug.xcconfig"; path = "Target Support Files/Pods-AnyoneKit-Example-Mac/Pods-AnyoneKit-Example-Mac.debug.xcconfig"; sourceTree = "<group>"; };
		F0928D295DCCC1149ED69712 /* Pods_AnyoneKit_Tests.framework */ = {isa = PBXFileReference; explicitFileType = wrapper.framework; includeInIndex = 0; path = Pods_AnyoneKit_Tests.framework; sourceTree = BUILT_PRODUCTS_DIR; };
		FF35A366A1B1BD8B0C89AE24 /* Pods-Tor_Tests.release.xcconfig */ = {isa = PBXFileReference; includeInIndex = 1; lastKnownFileType = text.xcconfig; name = "Pods-Tor_Tests.release.xcconfig"; path = "Target Support Files/Pods-Tor_Tests/Pods-Tor_Tests.release.xcconfig"; sourceTree = "<group>"; };
/* End PBXFileReference section */

/* Begin PBXFrameworksBuildPhase section */
		6003F587195388D20070C39A /* Frameworks */ = {
			isa = PBXFrameworksBuildPhase;
			buildActionMask = 2147483647;
			files = (
				6003F590195388D20070C39A /* CoreGraphics.framework in Frameworks */,
				6003F592195388D20070C39A /* UIKit.framework in Frameworks */,
				6003F58E195388D20070C39A /* Foundation.framework in Frameworks */,
				D4072633ACC30997CD7D703F /* Pods_AnyoneKit_Example.framework in Frameworks */,
			);
			runOnlyForDeploymentPostprocessing = 0;
		};
		6003F5AB195388D20070C39A /* Frameworks */ = {
			isa = PBXFrameworksBuildPhase;
			buildActionMask = 2147483647;
			files = (
				6003F5B0195388D20070C39A /* XCTest.framework in Frameworks */,
				6003F5B2195388D20070C39A /* UIKit.framework in Frameworks */,
				6003F5B1195388D20070C39A /* Foundation.framework in Frameworks */,
				E2A8FCEA0111624D3C5B5749 /* Pods_AnyoneKit_Tests.framework in Frameworks */,
			);
			runOnlyForDeploymentPostprocessing = 0;
		};
		A0F00906279070B40073D36D /* Frameworks */ = {
			isa = PBXFrameworksBuildPhase;
			buildActionMask = 2147483647;
			files = (
				A7B012BE39395B4832000858 /* Pods_AnyoneKit_Example_Mac.framework in Frameworks */,
			);
			runOnlyForDeploymentPostprocessing = 0;
		};
/* End PBXFrameworksBuildPhase section */

/* Begin PBXGroup section */
		6003F581195388D10070C39A = {
			isa = PBXGroup;
			children = (
				60FF7A9C1954A5C5007DD14C /* Podspec Metadata */,
				A0CADB452C63B6F50037A37C /* Example-iOS */,
				6003F5B5195388D20070C39A /* Tests */,
				A0F0090A279070B40073D36D /* Example-Mac */,
				6003F58C195388D20070C39A /* Frameworks */,
				6003F58B195388D20070C39A /* Products */,
				8C50D6DACFD9A136564A1BEC /* Pods */,
			);
			sourceTree = "<group>";
		};
		6003F58B195388D20070C39A /* Products */ = {
			isa = PBXGroup;
			children = (
				6003F58A195388D20070C39A /* AnyoneKit-Example.app */,
				6003F5AE195388D20070C39A /* AnyoneKit-Tests.xctest */,
				A0F00909279070B40073D36D /* AnyoneKit-Example-Mac.app */,
			);
			name = Products;
			sourceTree = "<group>";
		};
		6003F58C195388D20070C39A /* Frameworks */ = {
			isa = PBXGroup;
			children = (
				6003F58D195388D20070C39A /* Foundation.framework */,
				6003F58F195388D20070C39A /* CoreGraphics.framework */,
				6003F591195388D20070C39A /* UIKit.framework */,
				6003F5AF195388D20070C39A /* XCTest.framework */,
				25A40CFD991CFEFD97E87FF4 /* Pods_AnyoneKit_Example.framework */,
				338E0F8BE19C4C4E20A97AAD /* Pods_AnyoneKit_Example_Mac.framework */,
				F0928D295DCCC1149ED69712 /* Pods_AnyoneKit_Tests.framework */,
			);
			name = Frameworks;
			sourceTree = "<group>";
		};
		6003F5B5195388D20070C39A /* Tests */ = {
			isa = PBXGroup;
			children = (
				A0F008FA27906DBA0073D36D /* AnonConfigurationTests.m */,
				A0F008FB27906DBA0073D36D /* AnonControllerTests.m */,
				6003F5B7195388D20070C39A /* Tests-Info.plist */,
				606FC2411953D9B200FFA9A0 /* Tests-Prefix.pch */,
			);
			path = Tests;
			sourceTree = "<group>";
		};
		60FF7A9C1954A5C5007DD14C /* Podspec Metadata */ = {
			isa = PBXGroup;
			children = (
				A0CADB432C63B65B0037A37C /* AnyoneKit.podspec */,
				3369E201AA8D44290EFDB264 /* README.md */,
				591053441A46E47D764CDDAB /* LICENSE */,
				A0F008F827906CA30073D36D /* Podfile */,
				A0F008F727906CA30073D36D /* Podfile.lock */,
				A0F008FE27906F620073D36D /* .gitignore */,
				A07DA5B42791AED000D62827 /* .gitmodules */,
				A0CADB582C63B9060037A37C /* xz.sh */,
				A0CADB592C63B91E0037A37C /* openssl.sh */,
				A0CADB5A2C63B9310037A37C /* libevent.sh */,
				A02CB34E2C650244004A5E22 /* anon.sh */,
				A0CADB5C2C63B9510037A37C /* mmap-cache.patch */,
			);
			name = "Podspec Metadata";
			sourceTree = "<group>";
		};
		8C50D6DACFD9A136564A1BEC /* Pods */ = {
			isa = PBXGroup;
			children = (
				90700F7B59D5C0641E3250C1 /* Pods-Tor_Example.debug.xcconfig */,
				6CF2DE60BF09B91BB81D2E6F /* Pods-Tor_Example.release.xcconfig */,
				80D47871C3901193EE623A3E /* Pods-Tor_Tests.debug.xcconfig */,
				FF35A366A1B1BD8B0C89AE24 /* Pods-Tor_Tests.release.xcconfig */,
				1D7391AAD3752903BDA8A2CC /* Pods-Tor_Example_Mac.debug.xcconfig */,
				4BD4F2E4E0599631250E97FC /* Pods-Tor_Example_Mac.release.xcconfig */,
				CCD44E911F9C4625A303B626 /* Pods-Tor-Example-Mac.debug.xcconfig */,
				8AA26438ED97EA21E1B6572D /* Pods-Tor-Example-Mac.release.xcconfig */,
				4F31AB271AA16E836CDC5F8D /* Pods-Tor-Example.debug.xcconfig */,
				74CA0FB740D38C49003C1E1A /* Pods-Tor-Example.release.xcconfig */,
				C2C4B3C67BC4AA29D918DFE0 /* Pods-Tor-Tests.debug.xcconfig */,
				4DFC6FCDC4F8056024E28F5B /* Pods-Tor-Tests.release.xcconfig */,
				1024D01157BEB1EA55952BD3 /* Pods-AnyoneKit-Example.debug.xcconfig */,
				7D3F3AA9B00EA31999373254 /* Pods-AnyoneKit-Example.release.xcconfig */,
				E55415BDDAE0686CA74C5C2D /* Pods-AnyoneKit-Example-Mac.debug.xcconfig */,
				7FE9B5BC233CA08F6EED0604 /* Pods-AnyoneKit-Example-Mac.release.xcconfig */,
				CB2CFEF1E61396F316D03428 /* Pods-AnyoneKit-Tests.debug.xcconfig */,
				BA2522C350A1D42E715CA3DB /* Pods-AnyoneKit-Tests.release.xcconfig */,
			);
			path = Pods;
			sourceTree = "<group>";
		};
		A0CADB452C63B6F50037A37C /* Example-iOS */ = {
			isa = PBXGroup;
			children = (
				A0CADB4A2C63B7570037A37C /* AppDelegate.h */,
				A0CADB492C63B7570037A37C /* AppDelegate.m */,
				A0CADB482C63B7570037A37C /* ViewController.h */,
				A0CADB4B2C63B7570037A37C /* ViewController.m */,
				A0CADB552C63B7870037A37C /* Main.storyboard */,
				A0CADB462C63B7570037A37C /* AnyoneKit-Info.plist */,
				A0CADB472C63B7570037A37C /* main.m */,
			);
			path = "Example-iOS";
			sourceTree = "<group>";
		};
		A0F0090A279070B40073D36D /* Example-Mac */ = {
			isa = PBXGroup;
			children = (
				A0F0090B279070B40073D36D /* AppDelegate.h */,
				A0F0090C279070B40073D36D /* AppDelegate.m */,
				A0F0090E279070B40073D36D /* ViewController.h */,
				A0F0090F279070B40073D36D /* ViewController.m */,
				A0F00913279070B40073D36D /* Main.storyboard */,
				A0F00916279070B40073D36D /* main.m */,
				A0F00918279070B40073D36D /* Example-Mac.entitlements */,
			);
			path = "Example-Mac";
			sourceTree = "<group>";
		};
/* End PBXGroup section */

/* Begin PBXNativeTarget section */
		6003F589195388D20070C39A /* AnyoneKit-Example */ = {
			isa = PBXNativeTarget;
			buildConfigurationList = 6003F5BF195388D20070C39A /* Build configuration list for PBXNativeTarget "AnyoneKit-Example" */;
			buildPhases = (
				92C23A76A3C3CB7B0EE26734 /* [CP] Check Pods Manifest.lock */,
				6003F586195388D20070C39A /* Sources */,
				6003F587195388D20070C39A /* Frameworks */,
				6003F588195388D20070C39A /* Resources */,
				90B5FFAA88FED781C1B58A99 /* [CP] Embed Pods Frameworks */,
			);
			buildRules = (
			);
			dependencies = (
			);
			name = "AnyoneKit-Example";
			productName = Tor;
			productReference = 6003F58A195388D20070C39A /* AnyoneKit-Example.app */;
			productType = "com.apple.product-type.application";
		};
		6003F5AD195388D20070C39A /* AnyoneKit-Tests */ = {
			isa = PBXNativeTarget;
			buildConfigurationList = 6003F5C2195388D20070C39A /* Build configuration list for PBXNativeTarget "AnyoneKit-Tests" */;
			buildPhases = (
				90D8C2DC582D8E6FC6716412 /* [CP] Check Pods Manifest.lock */,
				6003F5AA195388D20070C39A /* Sources */,
				6003F5AB195388D20070C39A /* Frameworks */,
				6003F5AC195388D20070C39A /* Resources */,
			);
			buildRules = (
			);
			dependencies = (
				6003F5B4195388D20070C39A /* PBXTargetDependency */,
			);
			name = "AnyoneKit-Tests";
			productName = TorTests;
			productReference = 6003F5AE195388D20070C39A /* AnyoneKit-Tests.xctest */;
			productType = "com.apple.product-type.bundle.unit-test";
		};
		A0F00908279070B40073D36D /* AnyoneKit-Example-Mac */ = {
			isa = PBXNativeTarget;
			buildConfigurationList = A0F00919279070B40073D36D /* Build configuration list for PBXNativeTarget "AnyoneKit-Example-Mac" */;
			buildPhases = (
				9A118950F57DB5601BC45C3C /* [CP] Check Pods Manifest.lock */,
				A0F00905279070B40073D36D /* Sources */,
				A0F00906279070B40073D36D /* Frameworks */,
				A0F00907279070B40073D36D /* Resources */,
				C24010A627399EEA7C17DDED /* [CP] Embed Pods Frameworks */,
			);
			buildRules = (
			);
			dependencies = (
			);
			name = "AnyoneKit-Example-Mac";
			productName = Tor_Example_Mac;
			productReference = A0F00909279070B40073D36D /* AnyoneKit-Example-Mac.app */;
			productType = "com.apple.product-type.application";
		};
/* End PBXNativeTarget section */

/* Begin PBXProject section */
		6003F582195388D10070C39A /* Project object */ = {
			isa = PBXProject;
			attributes = {
				BuildIndependentTargetsInParallel = YES;
				CLASSPREFIX = Anon;
				LastUpgradeCheck = 1610;
				ORGANIZATIONNAME = "ATOR Labs AS";
				TargetAttributes = {
					6003F5AD195388D20070C39A = {
						TestTargetID = 6003F589195388D20070C39A;
					};
					A0F00908279070B40073D36D = {
						CreatedOnToolsVersion = 13.2.1;
						ProvisioningStyle = Automatic;
					};
				};
			};
			buildConfigurationList = 6003F585195388D10070C39A /* Build configuration list for PBXProject "AnyoneKit" */;
			developmentRegion = en;
			hasScannedForEncodings = 0;
			knownRegions = (
				en,
				Base,
			);
			mainGroup = 6003F581195388D10070C39A;
			preferredProjectObjectVersion = 77;
			productRefGroup = 6003F58B195388D20070C39A /* Products */;
			projectDirPath = "";
			projectRoot = "";
			targets = (
				6003F589195388D20070C39A /* AnyoneKit-Example */,
				6003F5AD195388D20070C39A /* AnyoneKit-Tests */,
				A0F00908279070B40073D36D /* AnyoneKit-Example-Mac */,
			);
		};
/* End PBXProject section */

/* Begin PBXResourcesBuildPhase section */
		6003F588195388D20070C39A /* Resources */ = {
			isa = PBXResourcesBuildPhase;
			buildActionMask = 2147483647;
			files = (
				A0CADB572C63B7870037A37C /* Main.storyboard in Resources */,
			);
			runOnlyForDeploymentPostprocessing = 0;
		};
		6003F5AC195388D20070C39A /* Resources */ = {
			isa = PBXResourcesBuildPhase;
			buildActionMask = 2147483647;
			files = (
			);
			runOnlyForDeploymentPostprocessing = 0;
		};
		A0F00907279070B40073D36D /* Resources */ = {
			isa = PBXResourcesBuildPhase;
			buildActionMask = 2147483647;
			files = (
				A0F00915279070B40073D36D /* Main.storyboard in Resources */,
			);
			runOnlyForDeploymentPostprocessing = 0;
		};
/* End PBXResourcesBuildPhase section */

/* Begin PBXShellScriptBuildPhase section */
		90B5FFAA88FED781C1B58A99 /* [CP] Embed Pods Frameworks */ = {
			isa = PBXShellScriptBuildPhase;
			buildActionMask = 2147483647;
			files = (
			);
			inputPaths = (
				"${PODS_ROOT}/Target Support Files/Pods-AnyoneKit-Example/Pods-AnyoneKit-Example-frameworks.sh",
				"${BUILT_PRODUCTS_DIR}/AnyoneKit-iOS/AnyoneKit.framework",
			);
			name = "[CP] Embed Pods Frameworks";
			outputPaths = (
				"${TARGET_BUILD_DIR}/${FRAMEWORKS_FOLDER_PATH}/AnyoneKit.framework",
			);
			runOnlyForDeploymentPostprocessing = 0;
			shellPath = /bin/sh;
			shellScript = "\"${PODS_ROOT}/Target Support Files/Pods-AnyoneKit-Example/Pods-AnyoneKit-Example-frameworks.sh\"\n";
			showEnvVarsInLog = 0;
		};
		90D8C2DC582D8E6FC6716412 /* [CP] Check Pods Manifest.lock */ = {
			isa = PBXShellScriptBuildPhase;
			buildActionMask = 2147483647;
			files = (
			);
			inputFileListPaths = (
			);
			inputPaths = (
				"${PODS_PODFILE_DIR_PATH}/Podfile.lock",
				"${PODS_ROOT}/Manifest.lock",
			);
			name = "[CP] Check Pods Manifest.lock";
			outputFileListPaths = (
			);
			outputPaths = (
				"$(DERIVED_FILE_DIR)/Pods-AnyoneKit-Tests-checkManifestLockResult.txt",
			);
			runOnlyForDeploymentPostprocessing = 0;
			shellPath = /bin/sh;
			shellScript = "diff \"${PODS_PODFILE_DIR_PATH}/Podfile.lock\" \"${PODS_ROOT}/Manifest.lock\" > /dev/null\nif [ $? != 0 ] ; then\n    # print error to STDERR\n    echo \"error: The sandbox is not in sync with the Podfile.lock. Run 'pod install' or update your CocoaPods installation.\" >&2\n    exit 1\nfi\n# This output is used by Xcode 'outputs' to avoid re-running this script phase.\necho \"SUCCESS\" > \"${SCRIPT_OUTPUT_FILE_0}\"\n";
			showEnvVarsInLog = 0;
		};
		92C23A76A3C3CB7B0EE26734 /* [CP] Check Pods Manifest.lock */ = {
			isa = PBXShellScriptBuildPhase;
			buildActionMask = 2147483647;
			files = (
			);
			inputFileListPaths = (
			);
			inputPaths = (
				"${PODS_PODFILE_DIR_PATH}/Podfile.lock",
				"${PODS_ROOT}/Manifest.lock",
			);
			name = "[CP] Check Pods Manifest.lock";
			outputFileListPaths = (
			);
			outputPaths = (
				"$(DERIVED_FILE_DIR)/Pods-AnyoneKit-Example-checkManifestLockResult.txt",
			);
			runOnlyForDeploymentPostprocessing = 0;
			shellPath = /bin/sh;
			shellScript = "diff \"${PODS_PODFILE_DIR_PATH}/Podfile.lock\" \"${PODS_ROOT}/Manifest.lock\" > /dev/null\nif [ $? != 0 ] ; then\n    # print error to STDERR\n    echo \"error: The sandbox is not in sync with the Podfile.lock. Run 'pod install' or update your CocoaPods installation.\" >&2\n    exit 1\nfi\n# This output is used by Xcode 'outputs' to avoid re-running this script phase.\necho \"SUCCESS\" > \"${SCRIPT_OUTPUT_FILE_0}\"\n";
			showEnvVarsInLog = 0;
		};
		9A118950F57DB5601BC45C3C /* [CP] Check Pods Manifest.lock */ = {
			isa = PBXShellScriptBuildPhase;
			buildActionMask = 2147483647;
			files = (
			);
			inputFileListPaths = (
			);
			inputPaths = (
				"${PODS_PODFILE_DIR_PATH}/Podfile.lock",
				"${PODS_ROOT}/Manifest.lock",
			);
			name = "[CP] Check Pods Manifest.lock";
			outputFileListPaths = (
			);
			outputPaths = (
				"$(DERIVED_FILE_DIR)/Pods-AnyoneKit-Example-Mac-checkManifestLockResult.txt",
			);
			runOnlyForDeploymentPostprocessing = 0;
			shellPath = /bin/sh;
			shellScript = "diff \"${PODS_PODFILE_DIR_PATH}/Podfile.lock\" \"${PODS_ROOT}/Manifest.lock\" > /dev/null\nif [ $? != 0 ] ; then\n    # print error to STDERR\n    echo \"error: The sandbox is not in sync with the Podfile.lock. Run 'pod install' or update your CocoaPods installation.\" >&2\n    exit 1\nfi\n# This output is used by Xcode 'outputs' to avoid re-running this script phase.\necho \"SUCCESS\" > \"${SCRIPT_OUTPUT_FILE_0}\"\n";
			showEnvVarsInLog = 0;
		};
		C24010A627399EEA7C17DDED /* [CP] Embed Pods Frameworks */ = {
			isa = PBXShellScriptBuildPhase;
			buildActionMask = 2147483647;
			files = (
			);
			inputPaths = (
				"${PODS_ROOT}/Target Support Files/Pods-AnyoneKit-Example-Mac/Pods-AnyoneKit-Example-Mac-frameworks.sh",
				"${BUILT_PRODUCTS_DIR}/AnyoneKit-macOS/AnyoneKit.framework",
			);
			name = "[CP] Embed Pods Frameworks";
			outputPaths = (
				"${TARGET_BUILD_DIR}/${FRAMEWORKS_FOLDER_PATH}/AnyoneKit.framework",
			);
			runOnlyForDeploymentPostprocessing = 0;
			shellPath = /bin/sh;
			shellScript = "\"${PODS_ROOT}/Target Support Files/Pods-AnyoneKit-Example-Mac/Pods-AnyoneKit-Example-Mac-frameworks.sh\"\n";
			showEnvVarsInLog = 0;
		};
/* End PBXShellScriptBuildPhase section */

/* Begin PBXSourcesBuildPhase section */
		6003F586195388D20070C39A /* Sources */ = {
			isa = PBXSourcesBuildPhase;
			buildActionMask = 2147483647;
			files = (
				A0CADB532C63B7570037A37C /* ViewController.m in Sources */,
				A0CADB522C63B7570037A37C /* AppDelegate.m in Sources */,
				A0CADB512C63B7570037A37C /* main.m in Sources */,
			);
			runOnlyForDeploymentPostprocessing = 0;
		};
		6003F5AA195388D20070C39A /* Sources */ = {
			isa = PBXSourcesBuildPhase;
			buildActionMask = 2147483647;
			files = (
				A0F008FC27906DBA0073D36D /* AnonConfigurationTests.m in Sources */,
				A0F008FD27906DBA0073D36D /* AnonControllerTests.m in Sources */,
			);
			runOnlyForDeploymentPostprocessing = 0;
		};
		A0F00905279070B40073D36D /* Sources */ = {
			isa = PBXSourcesBuildPhase;
			buildActionMask = 2147483647;
			files = (
				A0F00910279070B40073D36D /* ViewController.m in Sources */,
				A0F00917279070B40073D36D /* main.m in Sources */,
				A0F0090D279070B40073D36D /* AppDelegate.m in Sources */,
			);
			runOnlyForDeploymentPostprocessing = 0;
		};
/* End PBXSourcesBuildPhase section */

/* Begin PBXTargetDependency section */
		6003F5B4195388D20070C39A /* PBXTargetDependency */ = {
			isa = PBXTargetDependency;
			target = 6003F589195388D20070C39A /* AnyoneKit-Example */;
			targetProxy = 6003F5B3195388D20070C39A /* PBXContainerItemProxy */;
		};
/* End PBXTargetDependency section */

/* Begin PBXVariantGroup section */
		A0CADB552C63B7870037A37C /* Main.storyboard */ = {
			isa = PBXVariantGroup;
			children = (
				A0CADB562C63B7870037A37C /* Base */,
			);
			name = Main.storyboard;
			sourceTree = "<group>";
		};
		A0F00913279070B40073D36D /* Main.storyboard */ = {
			isa = PBXVariantGroup;
			children = (
				A0F0092027907A8A0073D36D /* Base */,
			);
			name = Main.storyboard;
			sourceTree = "<group>";
		};
/* End PBXVariantGroup section */

/* Begin XCBuildConfiguration section */
		6003F5BD195388D20070C39A /* Debug */ = {
			isa = XCBuildConfiguration;
			buildSettings = {
				ALWAYS_SEARCH_USER_PATHS = NO;
				ASSETCATALOG_COMPILER_GENERATE_SWIFT_ASSET_SYMBOL_EXTENSIONS = YES;
				CLANG_ANALYZER_LOCALIZABILITY_NONLOCALIZED = YES;
				CLANG_CXX_LANGUAGE_STANDARD = "gnu++0x";
				CLANG_CXX_LIBRARY = "libc++";
				CLANG_ENABLE_MODULES = YES;
				CLANG_ENABLE_OBJC_ARC = YES;
				CLANG_WARN_BLOCK_CAPTURE_AUTORELEASING = YES;
				CLANG_WARN_BOOL_CONVERSION = YES;
				CLANG_WARN_COMMA = YES;
				CLANG_WARN_CONSTANT_CONVERSION = YES;
				CLANG_WARN_DEPRECATED_OBJC_IMPLEMENTATIONS = YES;
				CLANG_WARN_DIRECT_OBJC_ISA_USAGE = YES_ERROR;
				CLANG_WARN_EMPTY_BODY = YES;
				CLANG_WARN_ENUM_CONVERSION = YES;
				CLANG_WARN_INFINITE_RECURSION = YES;
				CLANG_WARN_INT_CONVERSION = YES;
				CLANG_WARN_NON_LITERAL_NULL_CONVERSION = YES;
				CLANG_WARN_OBJC_IMPLICIT_RETAIN_SELF = YES;
				CLANG_WARN_OBJC_LITERAL_CONVERSION = YES;
				CLANG_WARN_OBJC_ROOT_CLASS = YES_ERROR;
				CLANG_WARN_QUOTED_INCLUDE_IN_FRAMEWORK_HEADER = YES;
				CLANG_WARN_RANGE_LOOP_ANALYSIS = YES;
				CLANG_WARN_STRICT_PROTOTYPES = YES;
				CLANG_WARN_SUSPICIOUS_MOVE = YES;
				CLANG_WARN_UNREACHABLE_CODE = YES;
				CLANG_WARN__DUPLICATE_METHOD_MATCH = YES;
				"CODE_SIGN_IDENTITY[sdk=iphoneos*]" = "iPhone Developer";
				COPY_PHASE_STRIP = NO;
				ENABLE_STRICT_OBJC_MSGSEND = YES;
				ENABLE_TESTABILITY = YES;
				GCC_C_LANGUAGE_STANDARD = gnu99;
				GCC_DYNAMIC_NO_PIC = NO;
				GCC_NO_COMMON_BLOCKS = YES;
				GCC_OPTIMIZATION_LEVEL = 0;
				GCC_PREPROCESSOR_DEFINITIONS = (
					"DEBUG=1",
					"$(inherited)",
				);
				GCC_SYMBOLS_PRIVATE_EXTERN = NO;
				GCC_WARN_64_TO_32_BIT_CONVERSION = YES;
				GCC_WARN_ABOUT_RETURN_TYPE = YES_ERROR;
				GCC_WARN_UNDECLARED_SELECTOR = YES;
				GCC_WARN_UNINITIALIZED_AUTOS = YES_AGGRESSIVE;
				GCC_WARN_UNUSED_FUNCTION = YES;
				GCC_WARN_UNUSED_VARIABLE = YES;
				IPHONEOS_DEPLOYMENT_TARGET = 12.0;
				ONLY_ACTIVE_ARCH = YES;
				SDKROOT = iphoneos;
				TARGETED_DEVICE_FAMILY = "1,2";
			};
			name = Debug;
		};
		6003F5BE195388D20070C39A /* Release */ = {
			isa = XCBuildConfiguration;
			buildSettings = {
				ALWAYS_SEARCH_USER_PATHS = NO;
				ASSETCATALOG_COMPILER_GENERATE_SWIFT_ASSET_SYMBOL_EXTENSIONS = YES;
				CLANG_ANALYZER_LOCALIZABILITY_NONLOCALIZED = YES;
				CLANG_CXX_LANGUAGE_STANDARD = "gnu++0x";
				CLANG_CXX_LIBRARY = "libc++";
				CLANG_ENABLE_MODULES = YES;
				CLANG_ENABLE_OBJC_ARC = YES;
				CLANG_WARN_BLOCK_CAPTURE_AUTORELEASING = YES;
				CLANG_WARN_BOOL_CONVERSION = YES;
				CLANG_WARN_COMMA = YES;
				CLANG_WARN_CONSTANT_CONVERSION = YES;
				CLANG_WARN_DEPRECATED_OBJC_IMPLEMENTATIONS = YES;
				CLANG_WARN_DIRECT_OBJC_ISA_USAGE = YES_ERROR;
				CLANG_WARN_EMPTY_BODY = YES;
				CLANG_WARN_ENUM_CONVERSION = YES;
				CLANG_WARN_INFINITE_RECURSION = YES;
				CLANG_WARN_INT_CONVERSION = YES;
				CLANG_WARN_NON_LITERAL_NULL_CONVERSION = YES;
				CLANG_WARN_OBJC_IMPLICIT_RETAIN_SELF = YES;
				CLANG_WARN_OBJC_LITERAL_CONVERSION = YES;
				CLANG_WARN_OBJC_ROOT_CLASS = YES_ERROR;
				CLANG_WARN_QUOTED_INCLUDE_IN_FRAMEWORK_HEADER = YES;
				CLANG_WARN_RANGE_LOOP_ANALYSIS = YES;
				CLANG_WARN_STRICT_PROTOTYPES = YES;
				CLANG_WARN_SUSPICIOUS_MOVE = YES;
				CLANG_WARN_UNREACHABLE_CODE = YES;
				CLANG_WARN__DUPLICATE_METHOD_MATCH = YES;
				"CODE_SIGN_IDENTITY[sdk=iphoneos*]" = "iPhone Developer";
				COPY_PHASE_STRIP = YES;
				ENABLE_NS_ASSERTIONS = NO;
				ENABLE_STRICT_OBJC_MSGSEND = YES;
				GCC_C_LANGUAGE_STANDARD = gnu99;
				GCC_NO_COMMON_BLOCKS = YES;
				GCC_WARN_64_TO_32_BIT_CONVERSION = YES;
				GCC_WARN_ABOUT_RETURN_TYPE = YES_ERROR;
				GCC_WARN_UNDECLARED_SELECTOR = YES;
				GCC_WARN_UNINITIALIZED_AUTOS = YES_AGGRESSIVE;
				GCC_WARN_UNUSED_FUNCTION = YES;
				GCC_WARN_UNUSED_VARIABLE = YES;
				IPHONEOS_DEPLOYMENT_TARGET = 12.0;
				SDKROOT = iphoneos;
				TARGETED_DEVICE_FAMILY = "1,2";
				VALIDATE_PRODUCT = YES;
			};
			name = Release;
		};
		6003F5C0195388D20070C39A /* Debug */ = {
			isa = XCBuildConfiguration;
			baseConfigurationReference = 1024D01157BEB1EA55952BD3 /* Pods-AnyoneKit-Example.debug.xcconfig */;
			buildSettings = {
				ASSETCATALOG_COMPILER_APPICON_NAME = AppIcon;
				GCC_PRECOMPILE_PREFIX_HEADER = YES;
				INFOPLIST_FILE = "Example-iOS/AnyoneKit-Info.plist";
				IPHONEOS_DEPLOYMENT_TARGET = 12.0;
				MODULE_NAME = ExampleApp;
				PRODUCT_BUNDLE_IDENTIFIER = "org.cocoapods.demo.${PRODUCT_NAME:rfc1034identifier}";
				PRODUCT_NAME = "$(TARGET_NAME)";
				SWIFT_VERSION = 4.0;
				WRAPPER_EXTENSION = app;
			};
			name = Debug;
		};
		6003F5C1195388D20070C39A /* Release */ = {
			isa = XCBuildConfiguration;
			baseConfigurationReference = 7D3F3AA9B00EA31999373254 /* Pods-AnyoneKit-Example.release.xcconfig */;
			buildSettings = {
				ASSETCATALOG_COMPILER_APPICON_NAME = AppIcon;
				GCC_PRECOMPILE_PREFIX_HEADER = YES;
				INFOPLIST_FILE = "Example-iOS/AnyoneKit-Info.plist";
				IPHONEOS_DEPLOYMENT_TARGET = 12.0;
				MODULE_NAME = ExampleApp;
				PRODUCT_BUNDLE_IDENTIFIER = "org.cocoapods.demo.${PRODUCT_NAME:rfc1034identifier}";
				PRODUCT_NAME = "$(TARGET_NAME)";
				SWIFT_VERSION = 4.0;
				WRAPPER_EXTENSION = app;
			};
			name = Release;
		};
		6003F5C3195388D20070C39A /* Debug */ = {
			isa = XCBuildConfiguration;
			baseConfigurationReference = CB2CFEF1E61396F316D03428 /* Pods-AnyoneKit-Tests.debug.xcconfig */;
			buildSettings = {
				BUNDLE_LOADER = "$(TEST_HOST)";
				CODE_SIGN_STYLE = Manual;
				DEVELOPMENT_TEAM = "";
				FRAMEWORK_SEARCH_PATHS = (
					"$(PLATFORM_DIR)/Developer/Library/Frameworks",
					"$(inherited)",
					"$(DEVELOPER_FRAMEWORKS_DIR)",
				);
				GCC_PRECOMPILE_PREFIX_HEADER = YES;
				GCC_PREFIX_HEADER = "Tests/Tests-Prefix.pch";
				GCC_PREPROCESSOR_DEFINITIONS = (
					"DEBUG=1",
					"$(inherited)",
				);
				INFOPLIST_FILE = "Tests/Tests-Info.plist";
				PRODUCT_BUNDLE_IDENTIFIER = "org.cocoapods.demo.${PRODUCT_NAME:rfc1034identifier}";
				PRODUCT_NAME = "$(TARGET_NAME)";
				PROVISIONING_PROFILE_SPECIFIER = "";
				SWIFT_VERSION = 4.0;
				WRAPPER_EXTENSION = xctest;
			};
			name = Debug;
		};
		6003F5C4195388D20070C39A /* Release */ = {
			isa = XCBuildConfiguration;
			baseConfigurationReference = BA2522C350A1D42E715CA3DB /* Pods-AnyoneKit-Tests.release.xcconfig */;
			buildSettings = {
				BUNDLE_LOADER = "$(TEST_HOST)";
				CODE_SIGN_STYLE = Manual;
				DEVELOPMENT_TEAM = "";
				FRAMEWORK_SEARCH_PATHS = (
					"$(PLATFORM_DIR)/Developer/Library/Frameworks",
					"$(inherited)",
					"$(DEVELOPER_FRAMEWORKS_DIR)",
				);
				GCC_PRECOMPILE_PREFIX_HEADER = YES;
				GCC_PREFIX_HEADER = "Tests/Tests-Prefix.pch";
				INFOPLIST_FILE = "Tests/Tests-Info.plist";
				PRODUCT_BUNDLE_IDENTIFIER = "org.cocoapods.demo.${PRODUCT_NAME:rfc1034identifier}";
				PRODUCT_NAME = "$(TARGET_NAME)";
				PROVISIONING_PROFILE_SPECIFIER = "";
				SWIFT_VERSION = 4.0;
				WRAPPER_EXTENSION = xctest;
			};
			name = Release;
		};
		A0F0091A279070B40073D36D /* Debug */ = {
			isa = XCBuildConfiguration;
			baseConfigurationReference = E55415BDDAE0686CA74C5C2D /* Pods-AnyoneKit-Example-Mac.debug.xcconfig */;
			buildSettings = {
				ASSETCATALOG_COMPILER_GLOBAL_ACCENT_COLOR_NAME = AccentColor;
				CLANG_ANALYZER_NONNULL = YES;
				CLANG_ANALYZER_NUMBER_OBJECT_CONVERSION = YES_AGGRESSIVE;
				CLANG_CXX_LANGUAGE_STANDARD = "gnu++17";
				CLANG_ENABLE_OBJC_WEAK = YES;
				CLANG_WARN_DOCUMENTATION_COMMENTS = YES;
				CLANG_WARN_UNGUARDED_AVAILABILITY = YES_AGGRESSIVE;
				CODE_SIGN_ENTITLEMENTS = "Example-Mac/Example-Mac.entitlements";
				CODE_SIGN_IDENTITY = "-";
				CODE_SIGN_STYLE = Automatic;
				COMBINE_HIDPI_IMAGES = YES;
				CURRENT_PROJECT_VERSION = 1;
				DEAD_CODE_STRIPPING = YES;
				DEBUG_INFORMATION_FORMAT = dwarf;
				GCC_C_LANGUAGE_STANDARD = gnu11;
				GENERATE_INFOPLIST_FILE = YES;
				INFOPLIST_KEY_NSHumanReadableCopyright = "Copyright © 2022 Benjamin Erhart. All rights reserved.";
				INFOPLIST_KEY_NSMainStoryboardFile = Main;
				INFOPLIST_KEY_NSPrincipalClass = NSApplication;
				LD_RUNPATH_SEARCH_PATHS = (
					"$(inherited)",
					"@executable_path/../Frameworks",
				);
				MACOSX_DEPLOYMENT_TARGET = 10.13;
				MARKETING_VERSION = 1.0;
				MTL_ENABLE_DEBUG_INFO = INCLUDE_SOURCE;
				MTL_FAST_MATH = YES;
				PRODUCT_BUNDLE_IDENTIFIER = "org.cocoapods.AnyoneKit-Example-Mac";
				PRODUCT_NAME = "$(TARGET_NAME)";
				SDKROOT = macosx;
				SWIFT_EMIT_LOC_STRINGS = YES;
			};
			name = Debug;
		};
		A0F0091B279070B40073D36D /* Release */ = {
			isa = XCBuildConfiguration;
			baseConfigurationReference = 7FE9B5BC233CA08F6EED0604 /* Pods-AnyoneKit-Example-Mac.release.xcconfig */;
			buildSettings = {
				ASSETCATALOG_COMPILER_GLOBAL_ACCENT_COLOR_NAME = AccentColor;
				CLANG_ANALYZER_NONNULL = YES;
				CLANG_ANALYZER_NUMBER_OBJECT_CONVERSION = YES_AGGRESSIVE;
				CLANG_CXX_LANGUAGE_STANDARD = "gnu++17";
				CLANG_ENABLE_OBJC_WEAK = YES;
				CLANG_WARN_DOCUMENTATION_COMMENTS = YES;
				CLANG_WARN_UNGUARDED_AVAILABILITY = YES_AGGRESSIVE;
				CODE_SIGN_ENTITLEMENTS = "Example-Mac/Example-Mac.entitlements";
				CODE_SIGN_IDENTITY = "-";
				CODE_SIGN_STYLE = Automatic;
				COMBINE_HIDPI_IMAGES = YES;
				COPY_PHASE_STRIP = NO;
				CURRENT_PROJECT_VERSION = 1;
				DEAD_CODE_STRIPPING = YES;
				DEBUG_INFORMATION_FORMAT = "dwarf-with-dsym";
				GCC_C_LANGUAGE_STANDARD = gnu11;
				GENERATE_INFOPLIST_FILE = YES;
				INFOPLIST_KEY_NSHumanReadableCopyright = "Copyright © 2022 Benjamin Erhart. All rights reserved.";
				INFOPLIST_KEY_NSMainStoryboardFile = Main;
				INFOPLIST_KEY_NSPrincipalClass = NSApplication;
				LD_RUNPATH_SEARCH_PATHS = (
					"$(inherited)",
					"@executable_path/../Frameworks",
				);
				MACOSX_DEPLOYMENT_TARGET = 10.13;
				MARKETING_VERSION = 1.0;
				MTL_ENABLE_DEBUG_INFO = NO;
				MTL_FAST_MATH = YES;
				PRODUCT_BUNDLE_IDENTIFIER = "org.cocoapods.AnyoneKit-Example-Mac";
				PRODUCT_NAME = "$(TARGET_NAME)";
				SDKROOT = macosx;
				SWIFT_EMIT_LOC_STRINGS = YES;
			};
			name = Release;
		};
/* End XCBuildConfiguration section */

/* Begin XCConfigurationList section */
		6003F585195388D10070C39A /* Build configuration list for PBXProject "AnyoneKit" */ = {
			isa = XCConfigurationList;
			buildConfigurations = (
				6003F5BD195388D20070C39A /* Debug */,
				6003F5BE195388D20070C39A /* Release */,
			);
			defaultConfigurationIsVisible = 0;
			defaultConfigurationName = Release;
		};
		6003F5BF195388D20070C39A /* Build configuration list for PBXNativeTarget "AnyoneKit-Example" */ = {
			isa = XCConfigurationList;
			buildConfigurations = (
				6003F5C0195388D20070C39A /* Debug */,
				6003F5C1195388D20070C39A /* Release */,
			);
			defaultConfigurationIsVisible = 0;
			defaultConfigurationName = Release;
		};
		6003F5C2195388D20070C39A /* Build configuration list for PBXNativeTarget "AnyoneKit-Tests" */ = {
			isa = XCConfigurationList;
			buildConfigurations = (
				6003F5C3195388D20070C39A /* Debug */,
				6003F5C4195388D20070C39A /* Release */,
			);
			defaultConfigurationIsVisible = 0;
			defaultConfigurationName = Release;
		};
		A0F00919279070B40073D36D /* Build configuration list for PBXNativeTarget "AnyoneKit-Example-Mac" */ = {
			isa = XCConfigurationList;
			buildConfigurations = (
				A0F0091A279070B40073D36D /* Debug */,
				A0F0091B279070B40073D36D /* Release */,
			);
			defaultConfigurationIsVisible = 0;
			defaultConfigurationName = Release;
		};
/* End XCConfigurationList section */
	};
	rootObject = 6003F582195388D10070C39A /* Project object */;
}
